{
  "name": "useraccess",
  "version": "0.0.1",
  "lockfileVersion": 1,
  "requires": true,
  "dependencies": {
    "@fortawesome/fontawesome-free": {
      "version": "5.13.0",
      "resolved": "https://registry.npmjs.org/@fortawesome/fontawesome-free/-/fontawesome-free-5.13.0.tgz",
      "integrity": "sha512-xKOeQEl5O47GPZYIMToj6uuA2syyFlq9EMSl2ui0uytjY9xbe8XS0pexNWmxrdcCyNGyDmLyYw5FtKsalBUeOg=="
    },
    "array-intersect": {
      "version": "0.0.1",
      "resolved": "https://registry.npmjs.org/array-intersect/-/array-intersect-0.0.1.tgz",
      "integrity": "sha512-n7+bHor4z+uofaUyLmUD9H/yEkDFsIHXQVRcK4xLpHgnpkVQA2lkaMTPNg0T3J0tCEVb6oACxeyTmCtspd+BBA=="
    },
    "babel-helper-vue-jsx-merge-props": {
      "version": "2.0.3",
      "resolved": "https://registry.npmjs.org/babel-helper-vue-jsx-merge-props/-/babel-helper-vue-jsx-merge-props-2.0.3.tgz",
      "integrity": "sha512-gsLiKK7Qrb7zYJNgiXKpXblxbV5ffSwR0f5whkPAaBAR4fhi6bwRZxX9wBlIc5M/v8CCkXUbXZL4N/nSE97cqg=="
    },
    "bootbox": {
      "version": "5.4.0",
      "resolved": "https://registry.npmjs.org/bootbox/-/bootbox-5.4.0.tgz",
      "integrity": "sha512-GCPrDwZpJsUnqzrto3ZURVafypl13+DAyE3YZx5jR5EIoTDSyREPhr77hlCuPKvM6VvXR5Mh/34W3DYMC7JE9g==",
      "requires": {
        "bootstrap": "^4.4.0",
        "jquery": "^3.4.1",
        "popper.js": "^1.16.0"
      }
    },
    "bootstrap": {
      "version": "4.5.0",
      "resolved": "https://registry.npmjs.org/bootstrap/-/bootstrap-4.5.0.tgz",
      "integrity": "sha512-Z93QoXvodoVslA+PWNdk23Hze4RBYIkpb5h8I2HY2Tu2h7A0LpAgLcyrhrSUyo2/Oxm2l1fRZPs1e5hnxnliXA=="
    },
    "clone": {
      "version": "2.1.2",
      "resolved": "https://registry.npmjs.org/clone/-/clone-2.1.2.tgz",
      "integrity": "sha1-G39Ln1kfHo+DZwQBYANFoCiHQ18="
    },
    "debounce": {
      "version": "1.2.0",
      "resolved": "https://registry.npmjs.org/debounce/-/debounce-1.2.0.tgz",
      "integrity": "sha512-mYtLl1xfZLi1m4RtQYlZgJUNQjl4ZxVnHzIR8nLLgi4q1YT8o/WM+MK/f8yfcc9s5Ir5zRaPZyZU6xs1Syoocg=="
    },
    "jquery": {
      "version": "3.5.1",
      "resolved": "https://registry.npmjs.org/jquery/-/jquery-3.5.1.tgz",
      "integrity": "sha512-XwIBPqcMn57FxfT+Go5pzySnm4KWkT1Tv7gjrpT1srtf8Weynl6R273VJ5GjkRb51IzMp5nbaPjJXMWeju2MKg=="
    },
    "merge": {
      "version": "1.2.1",
      "resolved": "https://registry.npmjs.org/merge/-/merge-1.2.1.tgz",
      "integrity": "sha512-VjFo4P5Whtj4vsLzsYBu5ayHhoHJ0UqNm7ibvShmbmoz7tGi0vXaoJbGdB+GmDMLUdg8DpQXEIeVDAe8MaABvQ=="
    },
    "popper.js": {
      "version": "1.16.1",
      "resolved": "https://registry.npmjs.org/popper.js/-/popper.js-1.16.1.tgz",
      "integrity": "sha512-Wb4p1J4zyFTbM+u6WuO4XstYx4Ky9Cewe4DWrel7B0w6VVICvPwdOpotjzcf6eD8TsckVnIMNONQyPIUFOUbCQ=="
    },
    "vee-validate": {
      "version": "2.2.15",
      "resolved": "https://registry.npmjs.org/vee-validate/-/vee-validate-2.2.15.tgz",
      "integrity": "sha512-4TOsI8XwVkKVLkg8Nhmy+jyoJrR6XcTRDyxBarzcCvYzU61zamipS1WsB6FlDze8eJQpgglS4NXAS6o4NDPs1g=="
    },
    "vue": {
      "version": "2.6.11",
      "resolved": "https://registry.npmjs.org/vue/-/vue-2.6.11.tgz",
      "integrity": "sha512-VfPwgcGABbGAue9+sfrD4PuwFar7gPb1yl1UK1MwXoQPAw0BKSqWfoYCT/ThFrdEVWoI51dBuyCoiNU9bZDZxQ=="
    },
    "vue-i18n": {
      "version": "8.17.7",
      "resolved": "https://registry.npmjs.org/vue-i18n/-/vue-i18n-8.17.7.tgz",
      "integrity": "sha512-7IQJ+72IIIxfR6Mt+X6EDmMP1i5oETFpc0FttnWKA9cgacf1DAlyho1aTItekG+AkbNs6nz4q3sYrXaPdC0irA=="
    },
    "vue-pagination-2": {
      "version": "2.0.3",
      "resolved": "https://registry.npmjs.org/vue-pagination-2/-/vue-pagination-2-2.0.3.tgz",
      "integrity": "sha512-4WVs8CsWg3UNqF/97vdnFBL1wEpV+AOBW+MNsMFDraD4gmdR9MpsaaiZp1e9paOsDLRs3a8i0gsTvkNBSQc6mw==",
      "requires": {
        "merge": "^1.2.0",
        "vue": ">=2.0.0",
        "vuex": "^2.0.0"
      }
    },
    "vue-tables-2": {
      "version": "2.0.26",
      "resolved": "https://registry.npmjs.org/vue-tables-2/-/vue-tables-2-2.0.26.tgz",
      "integrity": "sha512-LpjDH9y90xXVtEUr+S+qXVhcE6+FsJMBvWznfjsBTV9DDJkPZN9pIrP9rZ/l7idyv2BjUI0t9IlTByz/h/0adA==",
      "requires": {
        "array-intersect": "^0.0.1",
        "babel-helper-vue-jsx-merge-props": "^2.0.3",
        "clone": "^2.1.1",
        "debounce": "^1.1",
        "merge": "^1.2.0",
        "vue": "^2.6.10",
        "vue-pagination-2": "^2.0"
      }
    },
    "vuex": {
      "version": "2.5.0",
      "resolved": "https://registry.npmjs.org/vuex/-/vuex-2.5.0.tgz",
      "integrity": "sha512-5oJPOJySBgSgSzoeO+gZB/BbN/XsapgIF6tz34UwJqnGZMQurzIO3B4KIBf862gfc9ya+oduY5sSkq+5/oOilQ=="
    }
  }
}
